// !$*UTF8*$!
{
	archiveVersion = 1;
	classes = {
	};
	objectVersion = 56;
	objects = {

/* Begin PBXBuildFile section */
		8F1EEEDD2B151D750097AB03 /* QuestRowView.swift in Sources */ = {isa = PBXBuildFile; fileRef = 8F1EEEDC2B151D750097AB03 /* QuestRowView.swift */; };
		8F2184502AB8D965004CCF7A /* QuestTrackerModel.swift in Sources */ = {isa = PBXBuildFile; fileRef = 8F21844F2AB8D965004CCF7A /* QuestTrackerModel.swift */; };
		8F48FD422B1FCDE800A88E96 /* RewardsView.swift in Sources */ = {isa = PBXBuildFile; fileRef = 8F48FD412B1FCDE800A88E96 /* RewardsView.swift */; };
		8F6368572B62F94800D524A1 /* ModelController.swift in Sources */ = {isa = PBXBuildFile; fileRef = 8F6368562B62F94800D524A1 /* ModelController.swift */; };
		8F6462C32B4DE6D6000DE6A3 /* QuestTrackerShortcuts.swift in Sources */ = {isa = PBXBuildFile; fileRef = 8F6462C22B4DE6D6000DE6A3 /* QuestTrackerShortcuts.swift */; };
		8F6462C52B4DE756000DE6A3 /* AddQuestIntent.swift in Sources */ = {isa = PBXBuildFile; fileRef = 8F6462C42B4DE756000DE6A3 /* AddQuestIntent.swift */; };
		8F6462C92B506D5F000DE6A3 /* CompleteQuestIntent.swift in Sources */ = {isa = PBXBuildFile; fileRef = 8F6462C82B506D5F000DE6A3 /* CompleteQuestIntent.swift */; };
		8F6B15062B2E25AC00784BCE /* AddRewardView.swift in Sources */ = {isa = PBXBuildFile; fileRef = 8F6B15052B2E25AC00784BCE /* AddRewardView.swift */; };
		8F796E892B6C38BA007E0608 /* QuestSection.swift in Sources */ = {isa = PBXBuildFile; fileRef = 8F796E882B6C38BA007E0608 /* QuestSection.swift */; };
		8F796E8B2B6C40F5007E0608 /* CollapsibleSection.swift in Sources */ = {isa = PBXBuildFile; fileRef = 8F796E8A2B6C40F5007E0608 /* CollapsibleSection.swift */; };
		8F7F0CD52ABB7FBC007EF1D0 /* QuestTrackerViewModel.swift in Sources */ = {isa = PBXBuildFile; fileRef = 8F7F0CD42ABB7FBC007EF1D0 /* QuestTrackerViewModel.swift */; };
		8F92E9072ABBA58C000446C6 /* QuestView.swift in Sources */ = {isa = PBXBuildFile; fileRef = 8F92E9062ABBA58C000446C6 /* QuestView.swift */; };
		8FA12A582B27A222005838FE /* ManageRewardsView.swift in Sources */ = {isa = PBXBuildFile; fileRef = 8FA12A572B27A222005838FE /* ManageRewardsView.swift */; };
		8FAC38512AB396B6005CBED3 /* Quest_TrackerApp.swift in Sources */ = {isa = PBXBuildFile; fileRef = 8FAC38502AB396B6005CBED3 /* Quest_TrackerApp.swift */; };
		8FAC38552AB396B7005CBED3 /* Assets.xcassets in Resources */ = {isa = PBXBuildFile; fileRef = 8FAC38542AB396B7005CBED3 /* Assets.xcassets */; };
		8FAC38582AB396B7005CBED3 /* Preview Assets.xcassets in Resources */ = {isa = PBXBuildFile; fileRef = 8FAC38572AB396B7005CBED3 /* Preview Assets.xcassets */; };
		8FB5D1982B1932DB008EB1F0 /* LevelAndExpUI.swift in Sources */ = {isa = PBXBuildFile; fileRef = 8FB5D1972B1932DB008EB1F0 /* LevelAndExpUI.swift */; };
		8FC6BFEF2AFABF95001DD91E /* QuestListView.swift in Sources */ = {isa = PBXBuildFile; fileRef = 8FC6BFEE2AFABF95001DD91E /* QuestListView.swift */; };
		8FD5904D2B5F151700DF5325 /* Settings.swift in Sources */ = {isa = PBXBuildFile; fileRef = 8FD590492B5F151700DF5325 /* Settings.swift */; };
		8FD5904E2B5F151700DF5325 /* Quest.swift in Sources */ = {isa = PBXBuildFile; fileRef = 8FD5904A2B5F151700DF5325 /* Quest.swift */; };
		8FD5904F2B5F151700DF5325 /* User.swift in Sources */ = {isa = PBXBuildFile; fileRef = 8FD5904B2B5F151700DF5325 /* User.swift */; };
		8FD590502B5F151700DF5325 /* Reward.swift in Sources */ = {isa = PBXBuildFile; fileRef = 8FD5904C2B5F151700DF5325 /* Reward.swift */; };
		8FD590522B60A07200DF5325 /* QuestList.swift in Sources */ = {isa = PBXBuildFile; fileRef = 8FD590512B60A07200DF5325 /* QuestList.swift */; };
		8FE174182B7FE6BF006885F8 /* NavigationBar.swift in Sources */ = {isa = PBXBuildFile; fileRef = 8FE174172B7FE6BF006885F8 /* NavigationBar.swift */; };
		8FE1741A2B7FEFB6006885F8 /* PlusNavBackground.swift in Sources */ = {isa = PBXBuildFile; fileRef = 8FE174192B7FEFB6006885F8 /* PlusNavBackground.swift */; };
		8FE1741C2B869051006885F8 /* CustomListBackground.swift in Sources */ = {isa = PBXBuildFile; fileRef = 8FE1741B2B869051006885F8 /* CustomListBackground.swift */; };
		8FE1741E2B87D847006885F8 /* GradientTesting.swift in Sources */ = {isa = PBXBuildFile; fileRef = 8FE1741D2B87D847006885F8 /* GradientTesting.swift */; };
		8FF8D5402AE9B432000F801F /* SettingsView.swift in Sources */ = {isa = PBXBuildFile; fileRef = 8FF8D53F2AE9B432000F801F /* SettingsView.swift */; };
/* End PBXBuildFile section */

/* Begin PBXFileReference section */
		8F1401DF2AF29882007BBD53 /* Gemfile.lock */ = {isa = PBXFileReference; lastKnownFileType = text; path = Gemfile.lock; sourceTree = SOURCE_ROOT; };
		8F1401E02AF29882007BBD53 /* fastlane */ = {isa = PBXFileReference; lastKnownFileType = text; path = fastlane; sourceTree = SOURCE_ROOT; };
		8F1401E12AF29882007BBD53 /* Gemfile */ = {isa = PBXFileReference; lastKnownFileType = text; path = Gemfile; sourceTree = SOURCE_ROOT; };
		8F1EEEDC2B151D750097AB03 /* QuestRowView.swift */ = {isa = PBXFileReference; lastKnownFileType = sourcecode.swift; path = QuestRowView.swift; sourceTree = SOURCE_ROOT; };
		8F21844F2AB8D965004CCF7A /* QuestTrackerModel.swift */ = {isa = PBXFileReference; lastKnownFileType = sourcecode.swift; path = QuestTrackerModel.swift; sourceTree = "<group>"; };
		8F48FD412B1FCDE800A88E96 /* RewardsView.swift */ = {isa = PBXFileReference; lastKnownFileType = sourcecode.swift; name = RewardsView.swift; path = "Quest Tracker/Rewards/RewardsView.swift"; sourceTree = SOURCE_ROOT; };
		8F6368562B62F94800D524A1 /* ModelController.swift */ = {isa = PBXFileReference; lastKnownFileType = sourcecode.swift; path = ModelController.swift; sourceTree = "<group>"; };
		8F6462C22B4DE6D6000DE6A3 /* QuestTrackerShortcuts.swift */ = {isa = PBXFileReference; lastKnownFileType = sourcecode.swift; name = QuestTrackerShortcuts.swift; path = "Quest Tracker/QuestTrackerShortcuts.swift"; sourceTree = SOURCE_ROOT; };
		8F6462C42B4DE756000DE6A3 /* AddQuestIntent.swift */ = {isa = PBXFileReference; lastKnownFileType = sourcecode.swift; path = AddQuestIntent.swift; sourceTree = "<group>"; };
		8F6462C82B506D5F000DE6A3 /* CompleteQuestIntent.swift */ = {isa = PBXFileReference; lastKnownFileType = sourcecode.swift; name = CompleteQuestIntent.swift; path = "Quest Tracker/CompleteQuestIntent.swift"; sourceTree = SOURCE_ROOT; };
		8F6462CA2B508EA6000DE6A3 /* Quest-Tracker-Info.plist */ = {isa = PBXFileReference; lastKnownFileType = text.plist; path = "Quest-Tracker-Info.plist"; sourceTree = SOURCE_ROOT; };
		8F65228A2B69B93A00603D49 /* README.md */ = {isa = PBXFileReference; lastKnownFileType = net.daringfireball.markdown; path = README.md; sourceTree = "<group>"; };
		8F6B15052B2E25AC00784BCE /* AddRewardView.swift */ = {isa = PBXFileReference; lastKnownFileType = sourcecode.swift; path = AddRewardView.swift; sourceTree = "<group>"; };
		8F796E882B6C38BA007E0608 /* QuestSection.swift */ = {isa = PBXFileReference; lastKnownFileType = sourcecode.swift; path = QuestSection.swift; sourceTree = "<group>"; };
		8F796E8A2B6C40F5007E0608 /* CollapsibleSection.swift */ = {isa = PBXFileReference; lastKnownFileType = sourcecode.swift; path = CollapsibleSection.swift; sourceTree = "<group>"; };
		8F7F0CD42ABB7FBC007EF1D0 /* QuestTrackerViewModel.swift */ = {isa = PBXFileReference; lastKnownFileType = sourcecode.swift; path = QuestTrackerViewModel.swift; sourceTree = "<group>"; };
		8F92E9062ABBA58C000446C6 /* QuestView.swift */ = {isa = PBXFileReference; lastKnownFileType = sourcecode.swift; path = QuestView.swift; sourceTree = SOURCE_ROOT; };
		8FA12A572B27A222005838FE /* ManageRewardsView.swift */ = {isa = PBXFileReference; lastKnownFileType = sourcecode.swift; path = ManageRewardsView.swift; sourceTree = "<group>"; };
		8FAC384D2AB396B6005CBED3 /* Quest Tracker.app */ = {isa = PBXFileReference; explicitFileType = wrapper.application; includeInIndex = 0; path = "Quest Tracker.app"; sourceTree = BUILT_PRODUCTS_DIR; };
		8FAC38502AB396B6005CBED3 /* Quest_TrackerApp.swift */ = {isa = PBXFileReference; lastKnownFileType = sourcecode.swift; path = Quest_TrackerApp.swift; sourceTree = "<group>"; };
		8FAC38542AB396B7005CBED3 /* Assets.xcassets */ = {isa = PBXFileReference; lastKnownFileType = folder.assetcatalog; path = Assets.xcassets; sourceTree = "<group>"; };
		8FAC38572AB396B7005CBED3 /* Preview Assets.xcassets */ = {isa = PBXFileReference; lastKnownFileType = folder.assetcatalog; path = "Preview Assets.xcassets"; sourceTree = "<group>"; };
		8FB5D1972B1932DB008EB1F0 /* LevelAndExpUI.swift */ = {isa = PBXFileReference; lastKnownFileType = sourcecode.swift; name = LevelAndExpUI.swift; path = "Quest Tracker/LevelAndExpUI.swift"; sourceTree = SOURCE_ROOT; };
		8FC6BFEC2AFABF79001DD91E /* QuestListView.swift */ = {isa = PBXFileReference; fileEncoding = 4; lastKnownFileType = sourcecode.swift; name = QuestListView.swift; path = "Quest Tracker/QuestListView.swift"; sourceTree = SOURCE_ROOT; };
		8FC6BFEE2AFABF95001DD91E /* QuestListView.swift */ = {isa = PBXFileReference; fileEncoding = 4; lastKnownFileType = sourcecode.swift; path = QuestListView.swift; sourceTree = "<group>"; };
		8FD590492B5F151700DF5325 /* Settings.swift */ = {isa = PBXFileReference; lastKnownFileType = sourcecode.swift; path = Settings.swift; sourceTree = SOURCE_ROOT; };
		8FD5904A2B5F151700DF5325 /* Quest.swift */ = {isa = PBXFileReference; lastKnownFileType = sourcecode.swift; path = Quest.swift; sourceTree = SOURCE_ROOT; };
		8FD5904B2B5F151700DF5325 /* User.swift */ = {isa = PBXFileReference; lastKnownFileType = sourcecode.swift; path = User.swift; sourceTree = SOURCE_ROOT; };
		8FD5904C2B5F151700DF5325 /* Reward.swift */ = {isa = PBXFileReference; lastKnownFileType = sourcecode.swift; path = Reward.swift; sourceTree = SOURCE_ROOT; };
		8FD590512B60A07200DF5325 /* QuestList.swift */ = {isa = PBXFileReference; lastKnownFileType = sourcecode.swift; path = QuestList.swift; sourceTree = "<group>"; };
		8FE174172B7FE6BF006885F8 /* NavigationBar.swift */ = {isa = PBXFileReference; lastKnownFileType = sourcecode.swift; path = NavigationBar.swift; sourceTree = SOURCE_ROOT; };
		8FE174192B7FEFB6006885F8 /* PlusNavBackground.swift */ = {isa = PBXFileReference; lastKnownFileType = sourcecode.swift; path = PlusNavBackground.swift; sourceTree = "<group>"; };
		8FE1741B2B869051006885F8 /* CustomListBackground.swift */ = {isa = PBXFileReference; lastKnownFileType = sourcecode.swift; path = CustomListBackground.swift; sourceTree = "<group>"; };
		8FE1741D2B87D847006885F8 /* GradientTesting.swift */ = {isa = PBXFileReference; lastKnownFileType = sourcecode.swift; name = GradientTesting.swift; path = QuestList/GradientTesting.swift; sourceTree = "<group>"; };
		8FF8D53F2AE9B432000F801F /* SettingsView.swift */ = {isa = PBXFileReference; lastKnownFileType = sourcecode.swift; path = SettingsView.swift; sourceTree = SOURCE_ROOT; };
/* End PBXFileReference section */

/* Begin PBXFrameworksBuildPhase section */
		8FAC384A2AB396B6005CBED3 /* Frameworks */ = {
			isa = PBXFrameworksBuildPhase;
			buildActionMask = 2147483647;
			files = (
			);
			runOnlyForDeploymentPostprocessing = 0;
		};
/* End PBXFrameworksBuildPhase section */

/* Begin PBXGroup section */
		8F1EEEDA2B151CF20097AB03 /* QuestList */ = {
			isa = PBXGroup;
			children = (
				8F1EEEDC2B151D750097AB03 /* QuestRowView.swift */,
				8FD590512B60A07200DF5325 /* QuestList.swift */,
				8F796E882B6C38BA007E0608 /* QuestSection.swift */,
				8F796E8A2B6C40F5007E0608 /* CollapsibleSection.swift */,
				8FC6BFEE2AFABF95001DD91E /* QuestListView.swift */,
				8FE1741B2B869051006885F8 /* CustomListBackground.swift */,
			);
			path = QuestList;
			sourceTree = "<group>";
		};
		8F1EEEDB2B151D120097AB03 /* CoreDataObjects */ = {
			isa = PBXGroup;
			children = (
				8FD590492B5F151700DF5325 /* Settings.swift */,
				8FD5904A2B5F151700DF5325 /* Quest.swift */,
				8FD5904B2B5F151700DF5325 /* User.swift */,
				8FD5904C2B5F151700DF5325 /* Reward.swift */,
				8F6368562B62F94800D524A1 /* ModelController.swift */,
			);
			path = CoreDataObjects;
			sourceTree = "<group>";
		};
		8FA12A542B27A1D9005838FE /* Rewards */ = {
			isa = PBXGroup;
			children = (
				8F48FD412B1FCDE800A88E96 /* RewardsView.swift */,
				8FA12A572B27A222005838FE /* ManageRewardsView.swift */,
				8F6B15052B2E25AC00784BCE /* AddRewardView.swift */,
			);
			path = Rewards;
			sourceTree = "<group>";
		};
		8FAC38442AB396B6005CBED3 = {
			isa = PBXGroup;
			children = (
				8F65228A2B69B93A00603D49 /* README.md */,
				8FAC384F2AB396B6005CBED3 /* Quest Tracker */,
				8FAC384E2AB396B6005CBED3 /* Products */,
			);
			sourceTree = "<group>";
		};
		8FAC384E2AB396B6005CBED3 /* Products */ = {
			isa = PBXGroup;
			children = (
				8FAC384D2AB396B6005CBED3 /* Quest Tracker.app */,
			);
			name = Products;
			sourceTree = "<group>";
		};
		8FAC384F2AB396B6005CBED3 /* Quest Tracker */ = {
			isa = PBXGroup;
			children = (
				8FE1741D2B87D847006885F8 /* GradientTesting.swift */,
				8FE174172B7FE6BF006885F8 /* NavigationBar.swift */,
				8FE174192B7FEFB6006885F8 /* PlusNavBackground.swift */,
				8F6462CA2B508EA6000DE6A3 /* Quest-Tracker-Info.plist */,
				8FD4635D2B3E021E000FDEF8 /* AppIntents */,
				8F1EEEDB2B151D120097AB03 /* CoreDataObjects */,
				8FA12A542B27A1D9005838FE /* Rewards */,
				8F92E9062ABBA58C000446C6 /* QuestView.swift */,
				8FAC38502AB396B6005CBED3 /* Quest_TrackerApp.swift */,
				8F21844F2AB8D965004CCF7A /* QuestTrackerModel.swift */,
				8F7F0CD42ABB7FBC007EF1D0 /* QuestTrackerViewModel.swift */,
				8FB5D1972B1932DB008EB1F0 /* LevelAndExpUI.swift */,
				8FF8D53F2AE9B432000F801F /* SettingsView.swift */,
				8F1EEEDA2B151CF20097AB03 /* QuestList */,
				8FAC38542AB396B7005CBED3 /* Assets.xcassets */,
				8FAC38562AB396B7005CBED3 /* Preview Content */,
				8F1401E02AF29882007BBD53 /* fastlane */,
				8F1401E12AF29882007BBD53 /* Gemfile */,
				8F1401DF2AF29882007BBD53 /* Gemfile.lock */,
			);
			path = "Quest Tracker";
			sourceTree = "<group>";
		};
		8FAC38562AB396B7005CBED3 /* Preview Content */ = {
			isa = PBXGroup;
			children = (
				8FC6BFEC2AFABF79001DD91E /* QuestListView.swift */,
				8FAC38572AB396B7005CBED3 /* Preview Assets.xcassets */,
			);
			path = "Preview Content";
			sourceTree = "<group>";
		};
		8FD4635D2B3E021E000FDEF8 /* AppIntents */ = {
			isa = PBXGroup;
			children = (
				8F6462C42B4DE756000DE6A3 /* AddQuestIntent.swift */,
				8F6462C82B506D5F000DE6A3 /* CompleteQuestIntent.swift */,
				8F6462C22B4DE6D6000DE6A3 /* QuestTrackerShortcuts.swift */,
			);
			path = AppIntents;
			sourceTree = "<group>";
		};
/* End PBXGroup section */

/* Begin PBXNativeTarget section */
		8FAC384C2AB396B6005CBED3 /* Quest Tracker */ = {
			isa = PBXNativeTarget;
			buildConfigurationList = 8FAC385B2AB396B7005CBED3 /* Build configuration list for PBXNativeTarget "Quest Tracker" */;
			buildPhases = (
				8FAC38492AB396B6005CBED3 /* Sources */,
				8FAC384A2AB396B6005CBED3 /* Frameworks */,
				8FAC384B2AB396B6005CBED3 /* Resources */,
				8F6A70A32B02931500B78F4B /* Run Script */,
			);
			buildRules = (
			);
			dependencies = (
			);
			name = "Quest Tracker";
			productName = "Quest Tracker";
			productReference = 8FAC384D2AB396B6005CBED3 /* Quest Tracker.app */;
			productType = "com.apple.product-type.application";
		};
/* End PBXNativeTarget section */

/* Begin PBXProject section */
		8FAC38452AB396B6005CBED3 /* Project object */ = {
			isa = PBXProject;
			attributes = {
				BuildIndependentTargetsInParallel = 1;
				LastSwiftUpdateCheck = 1430;
				LastUpgradeCheck = 1500;
				TargetAttributes = {
					8FAC384C2AB396B6005CBED3 = {
						CreatedOnToolsVersion = 14.3.1;
					};
				};
			};
			buildConfigurationList = 8FAC38482AB396B6005CBED3 /* Build configuration list for PBXProject "Quest Tracker" */;
			compatibilityVersion = "Xcode 14.0";
			developmentRegion = en;
			hasScannedForEncodings = 0;
			knownRegions = (
				en,
				Base,
			);
			mainGroup = 8FAC38442AB396B6005CBED3;
			productRefGroup = 8FAC384E2AB396B6005CBED3 /* Products */;
			projectDirPath = "";
			projectRoot = "";
			targets = (
				8FAC384C2AB396B6005CBED3 /* Quest Tracker */,
			);
		};
/* End PBXProject section */

/* Begin PBXResourcesBuildPhase section */
		8FAC384B2AB396B6005CBED3 /* Resources */ = {
			isa = PBXResourcesBuildPhase;
			buildActionMask = 2147483647;
			files = (
				8FAC38582AB396B7005CBED3 /* Preview Assets.xcassets in Resources */,
				8FAC38552AB396B7005CBED3 /* Assets.xcassets in Resources */,
			);
			runOnlyForDeploymentPostprocessing = 0;
		};
/* End PBXResourcesBuildPhase section */

/* Begin PBXShellScriptBuildPhase section */
		8F6A70A32B02931500B78F4B /* Run Script */ = {
			isa = PBXShellScriptBuildPhase;
			alwaysOutOfDate = 1;
			buildActionMask = 2147483647;
			files = (
			);
			inputFileListPaths = (
			);
			inputPaths = (
			);
			name = "Run Script";
			outputFileListPaths = (
			);
			outputPaths = (
			);
			runOnlyForDeploymentPostprocessing = 0;
			shellPath = /bin/sh;
			shellScript = "export PATH=\"/opt/homebrew/bin:$PATH\"\n\nif which swiftlint >/dev/null && [ -z \"$CI\" ]; then\n  swiftlint\nelse\n  echo \"warning: SwiftLint not installed, download from https://github.com/realm/SwiftLint. _$CI_\"\n  fi\n";
		};
/* End PBXShellScriptBuildPhase section */

/* Begin PBXSourcesBuildPhase section */
		8FAC38492AB396B6005CBED3 /* Sources */ = {
			isa = PBXSourcesBuildPhase;
			buildActionMask = 2147483647;
			files = (
				8FD5904F2B5F151700DF5325 /* User.swift in Sources */,
				8FA12A582B27A222005838FE /* ManageRewardsView.swift in Sources */,
				8FE1741E2B87D847006885F8 /* GradientTesting.swift in Sources */,
				8FC6BFEF2AFABF95001DD91E /* QuestListView.swift in Sources */,
				8F7F0CD52ABB7FBC007EF1D0 /* QuestTrackerViewModel.swift in Sources */,
				8F6462C92B506D5F000DE6A3 /* CompleteQuestIntent.swift in Sources */,
				8F1EEEDD2B151D750097AB03 /* QuestRowView.swift in Sources */,
				8FE174182B7FE6BF006885F8 /* NavigationBar.swift in Sources */,
				8FE1741C2B869051006885F8 /* CustomListBackground.swift in Sources */,
				8F2184502AB8D965004CCF7A /* QuestTrackerModel.swift in Sources */,
				8FD5904E2B5F151700DF5325 /* Quest.swift in Sources */,
				8FD590522B60A07200DF5325 /* QuestList.swift in Sources */,
				8F796E892B6C38BA007E0608 /* QuestSection.swift in Sources */,
				8FE1741A2B7FEFB6006885F8 /* PlusNavBackground.swift in Sources */,
				8F6368572B62F94800D524A1 /* ModelController.swift in Sources */,
				8F48FD422B1FCDE800A88E96 /* RewardsView.swift in Sources */,
				8F6462C32B4DE6D6000DE6A3 /* QuestTrackerShortcuts.swift in Sources */,
				8FF8D5402AE9B432000F801F /* SettingsView.swift in Sources */,
				8FD590502B5F151700DF5325 /* Reward.swift in Sources */,
				8FAC38512AB396B6005CBED3 /* Quest_TrackerApp.swift in Sources */,
				8FD5904D2B5F151700DF5325 /* Settings.swift in Sources */,
				8FB5D1982B1932DB008EB1F0 /* LevelAndExpUI.swift in Sources */,
				8F796E8B2B6C40F5007E0608 /* CollapsibleSection.swift in Sources */,
				8F6462C52B4DE756000DE6A3 /* AddQuestIntent.swift in Sources */,
				8F92E9072ABBA58C000446C6 /* QuestView.swift in Sources */,
				8F6B15062B2E25AC00784BCE /* AddRewardView.swift in Sources */,
			);
			runOnlyForDeploymentPostprocessing = 0;
		};
/* End PBXSourcesBuildPhase section */

/* Begin XCBuildConfiguration section */
		8FAC38592AB396B7005CBED3 /* Debug */ = {
			isa = XCBuildConfiguration;
			buildSettings = {
				ALWAYS_SEARCH_USER_PATHS = NO;
				CLANG_ANALYZER_NONNULL = YES;
				CLANG_ANALYZER_NUMBER_OBJECT_CONVERSION = YES_AGGRESSIVE;
				CLANG_CXX_LANGUAGE_STANDARD = "gnu++20";
				CLANG_ENABLE_MODULES = YES;
				CLANG_ENABLE_OBJC_ARC = YES;
				CLANG_ENABLE_OBJC_WEAK = YES;
				CLANG_WARN_BLOCK_CAPTURE_AUTORELEASING = YES;
				CLANG_WARN_BOOL_CONVERSION = YES;
				CLANG_WARN_COMMA = YES;
				CLANG_WARN_CONSTANT_CONVERSION = YES;
				CLANG_WARN_DEPRECATED_OBJC_IMPLEMENTATIONS = YES;
				CLANG_WARN_DIRECT_OBJC_ISA_USAGE = YES_ERROR;
				CLANG_WARN_DOCUMENTATION_COMMENTS = YES;
				CLANG_WARN_EMPTY_BODY = YES;
				CLANG_WARN_ENUM_CONVERSION = YES;
				CLANG_WARN_INFINITE_RECURSION = YES;
				CLANG_WARN_INT_CONVERSION = YES;
				CLANG_WARN_NON_LITERAL_NULL_CONVERSION = YES;
				CLANG_WARN_OBJC_IMPLICIT_RETAIN_SELF = YES;
				CLANG_WARN_OBJC_LITERAL_CONVERSION = YES;
				CLANG_WARN_OBJC_ROOT_CLASS = YES_ERROR;
				CLANG_WARN_QUOTED_INCLUDE_IN_FRAMEWORK_HEADER = YES;
				CLANG_WARN_RANGE_LOOP_ANALYSIS = YES;
				CLANG_WARN_STRICT_PROTOTYPES = YES;
				CLANG_WARN_SUSPICIOUS_MOVE = YES;
				CLANG_WARN_UNGUARDED_AVAILABILITY = YES_AGGRESSIVE;
				CLANG_WARN_UNREACHABLE_CODE = YES;
				CLANG_WARN__DUPLICATE_METHOD_MATCH = YES;
				COPY_PHASE_STRIP = NO;
				DEBUG_INFORMATION_FORMAT = dwarf;
				ENABLE_STRICT_OBJC_MSGSEND = YES;
				ENABLE_TESTABILITY = YES;
				ENABLE_USER_SCRIPT_SANDBOXING = YES;
				GCC_C_LANGUAGE_STANDARD = gnu11;
				GCC_DYNAMIC_NO_PIC = NO;
				GCC_NO_COMMON_BLOCKS = YES;
				GCC_OPTIMIZATION_LEVEL = 0;
				GCC_PREPROCESSOR_DEFINITIONS = (
					"DEBUG=1",
					"$(inherited)",
				);
				GCC_WARN_64_TO_32_BIT_CONVERSION = YES;
				GCC_WARN_ABOUT_RETURN_TYPE = YES_ERROR;
				GCC_WARN_UNDECLARED_SELECTOR = YES;
				GCC_WARN_UNINITIALIZED_AUTOS = YES_AGGRESSIVE;
				GCC_WARN_UNUSED_FUNCTION = YES;
				GCC_WARN_UNUSED_VARIABLE = YES;
				IPHONEOS_DEPLOYMENT_TARGET = 16.4;
				MTL_ENABLE_DEBUG_INFO = INCLUDE_SOURCE;
				MTL_FAST_MATH = YES;
				ONLY_ACTIVE_ARCH = YES;
				SDKROOT = iphoneos;
				SWIFT_ACTIVE_COMPILATION_CONDITIONS = DEBUG;
				SWIFT_OPTIMIZATION_LEVEL = "-Onone";
			};
			name = Debug;
		};
		8FAC385A2AB396B7005CBED3 /* Release */ = {
			isa = XCBuildConfiguration;
			buildSettings = {
				ALWAYS_SEARCH_USER_PATHS = NO;
				CLANG_ANALYZER_NONNULL = YES;
				CLANG_ANALYZER_NUMBER_OBJECT_CONVERSION = YES_AGGRESSIVE;
				CLANG_CXX_LANGUAGE_STANDARD = "gnu++20";
				CLANG_ENABLE_MODULES = YES;
				CLANG_ENABLE_OBJC_ARC = YES;
				CLANG_ENABLE_OBJC_WEAK = YES;
				CLANG_WARN_BLOCK_CAPTURE_AUTORELEASING = YES;
				CLANG_WARN_BOOL_CONVERSION = YES;
				CLANG_WARN_COMMA = YES;
				CLANG_WARN_CONSTANT_CONVERSION = YES;
				CLANG_WARN_DEPRECATED_OBJC_IMPLEMENTATIONS = YES;
				CLANG_WARN_DIRECT_OBJC_ISA_USAGE = YES_ERROR;
				CLANG_WARN_DOCUMENTATION_COMMENTS = YES;
				CLANG_WARN_EMPTY_BODY = YES;
				CLANG_WARN_ENUM_CONVERSION = YES;
				CLANG_WARN_INFINITE_RECURSION = YES;
				CLANG_WARN_INT_CONVERSION = YES;
				CLANG_WARN_NON_LITERAL_NULL_CONVERSION = YES;
				CLANG_WARN_OBJC_IMPLICIT_RETAIN_SELF = YES;
				CLANG_WARN_OBJC_LITERAL_CONVERSION = YES;
				CLANG_WARN_OBJC_ROOT_CLASS = YES_ERROR;
				CLANG_WARN_QUOTED_INCLUDE_IN_FRAMEWORK_HEADER = YES;
				CLANG_WARN_RANGE_LOOP_ANALYSIS = YES;
				CLANG_WARN_STRICT_PROTOTYPES = YES;
				CLANG_WARN_SUSPICIOUS_MOVE = YES;
				CLANG_WARN_UNGUARDED_AVAILABILITY = YES_AGGRESSIVE;
				CLANG_WARN_UNREACHABLE_CODE = YES;
				CLANG_WARN__DUPLICATE_METHOD_MATCH = YES;
				COPY_PHASE_STRIP = NO;
				DEBUG_INFORMATION_FORMAT = "dwarf-with-dsym";
				ENABLE_NS_ASSERTIONS = NO;
				ENABLE_STRICT_OBJC_MSGSEND = YES;
				ENABLE_USER_SCRIPT_SANDBOXING = YES;
				GCC_C_LANGUAGE_STANDARD = gnu11;
				GCC_NO_COMMON_BLOCKS = YES;
				GCC_WARN_64_TO_32_BIT_CONVERSION = YES;
				GCC_WARN_ABOUT_RETURN_TYPE = YES_ERROR;
				GCC_WARN_UNDECLARED_SELECTOR = YES;
				GCC_WARN_UNINITIALIZED_AUTOS = YES_AGGRESSIVE;
				GCC_WARN_UNUSED_FUNCTION = YES;
				GCC_WARN_UNUSED_VARIABLE = YES;
				IPHONEOS_DEPLOYMENT_TARGET = 16.4;
				MTL_ENABLE_DEBUG_INFO = NO;
				MTL_FAST_MATH = YES;
				SDKROOT = iphoneos;
				SWIFT_COMPILATION_MODE = wholemodule;
				SWIFT_OPTIMIZATION_LEVEL = "-O";
				VALIDATE_PRODUCT = YES;
			};
			name = Release;
		};
		8FAC385C2AB396B7005CBED3 /* Debug */ = {
			isa = XCBuildConfiguration;
			buildSettings = {
				ASSETCATALOG_COMPILER_APPICON_NAME = AppIcon;
				ASSETCATALOG_COMPILER_GLOBAL_ACCENT_COLOR_NAME = AccentColor;
				"CODE_SIGN_IDENTITY[sdk=iphoneos*]" = "iPhone Developer";
				CODE_SIGN_STYLE = Manual;
				CURRENT_PROJECT_VERSION = 1;
				DEVELOPMENT_ASSET_PATHS = "\"Quest Tracker/Preview Content\"";
				DEVELOPMENT_TEAM = "";
				"DEVELOPMENT_TEAM[sdk=iphoneos*]" = Y4739T7R6D;
				ENABLE_PREVIEWS = YES;
				ENABLE_USER_SCRIPT_SANDBOXING = NO;
				GENERATE_INFOPLIST_FILE = YES;
				INFOPLIST_FILE = "Quest-Tracker-Info.plist";
				INFOPLIST_KEY_UIApplicationSceneManifest_Generation = YES;
				INFOPLIST_KEY_UIApplicationSupportsIndirectInputEvents = YES;
				INFOPLIST_KEY_UILaunchScreen_Generation = YES;
				INFOPLIST_KEY_UISupportedInterfaceOrientations_iPad = "UIInterfaceOrientationPortrait UIInterfaceOrientationPortraitUpsideDown UIInterfaceOrientationLandscapeLeft UIInterfaceOrientationLandscapeRight";
				INFOPLIST_KEY_UISupportedInterfaceOrientations_iPhone = "UIInterfaceOrientationPortrait UIInterfaceOrientationLandscapeLeft UIInterfaceOrientationLandscapeRight";
				IPHONEOS_DEPLOYMENT_TARGET = 17.0;
				LD_RUNPATH_SEARCH_PATHS = (
					"$(inherited)",
					"@executable_path/Frameworks",
				);
				MARKETING_VERSION = 1.0;
				PRODUCT_BUNDLE_IDENTIFIER = "com.gmail.mdzawodniak.Quest-Tracker";
				PRODUCT_NAME = "$(TARGET_NAME)";
				PROVISIONING_PROFILE_SPECIFIER = "";
				"PROVISIONING_PROFILE_SPECIFIER[sdk=iphoneos*]" = "match Development com.gmail.mdzawodniak.Quest-Tracker";
				SWIFT_EMIT_LOC_STRINGS = YES;
				SWIFT_VERSION = 5.0;
				TARGETED_DEVICE_FAMILY = "1,2";
			};
			name = Debug;
		};
		8FAC385D2AB396B7005CBED3 /* Release */ = {
			isa = XCBuildConfiguration;
			buildSettings = {
				ASSETCATALOG_COMPILER_APPICON_NAME = AppIcon;
				ASSETCATALOG_COMPILER_GLOBAL_ACCENT_COLOR_NAME = AccentColor;
				"CODE_SIGN_IDENTITY[sdk=iphoneos*]" = "iPhone Developer";
				CODE_SIGN_STYLE = Manual;
				CURRENT_PROJECT_VERSION = 1;
				DEVELOPMENT_ASSET_PATHS = "\"Quest Tracker/Preview Content\"";
				DEVELOPMENT_TEAM = "";
				"DEVELOPMENT_TEAM[sdk=iphoneos*]" = Y4739T7R6D;
				ENABLE_PREVIEWS = YES;
				ENABLE_USER_SCRIPT_SANDBOXING = NO;
				GENERATE_INFOPLIST_FILE = YES;
				INFOPLIST_FILE = "Quest-Tracker-Info.plist";
				INFOPLIST_KEY_UIApplicationSceneManifest_Generation = YES;
				INFOPLIST_KEY_UIApplicationSupportsIndirectInputEvents = YES;
				INFOPLIST_KEY_UILaunchScreen_Generation = YES;
				INFOPLIST_KEY_UISupportedInterfaceOrientations_iPad = "UIInterfaceOrientationPortrait UIInterfaceOrientationPortraitUpsideDown UIInterfaceOrientationLandscapeLeft UIInterfaceOrientationLandscapeRight";
				INFOPLIST_KEY_UISupportedInterfaceOrientations_iPhone = "UIInterfaceOrientationPortrait UIInterfaceOrientationLandscapeLeft UIInterfaceOrientationLandscapeRight";
				IPHONEOS_DEPLOYMENT_TARGET = 17.0;
				LD_RUNPATH_SEARCH_PATHS = (
					"$(inherited)",
					"@executable_path/Frameworks",
				);
				MARKETING_VERSION = 1.0;
				PRODUCT_BUNDLE_IDENTIFIER = "com.gmail.mdzawodniak.Quest-Tracker";
				PRODUCT_NAME = "$(TARGET_NAME)";
				PROVISIONING_PROFILE_SPECIFIER = "";
				"PROVISIONING_PROFILE_SPECIFIER[sdk=iphoneos*]" = "match Development com.gmail.mdzawodniak.Quest-Tracker";
				SWIFT_EMIT_LOC_STRINGS = YES;
				SWIFT_VERSION = 5.0;
				TARGETED_DEVICE_FAMILY = "1,2";
			};
			name = Release;
		};
/* End XCBuildConfiguration section */

/* Begin XCConfigurationList section */
		8FAC38482AB396B6005CBED3 /* Build configuration list for PBXProject "Quest Tracker" */ = {
			isa = XCConfigurationList;
			buildConfigurations = (
				8FAC38592AB396B7005CBED3 /* Debug */,
				8FAC385A2AB396B7005CBED3 /* Release */,
			);
			defaultConfigurationIsVisible = 0;
			defaultConfigurationName = Release;
		};
		8FAC385B2AB396B7005CBED3 /* Build configuration list for PBXNativeTarget "Quest Tracker" */ = {
			isa = XCConfigurationList;
			buildConfigurations = (
				8FAC385C2AB396B7005CBED3 /* Debug */,
				8FAC385D2AB396B7005CBED3 /* Release */,
			);
			defaultConfigurationIsVisible = 0;
			defaultConfigurationName = Release;
		};
/* End XCConfigurationList section */
	};
	rootObject = 8FAC38452AB396B6005CBED3 /* Project object */;
}
