// !$*UTF8*$!
{
	archiveVersion = 1;
	classes = {
	};
	objectVersion = 56;
	objects = {

/* Begin PBXBuildFile section */
		8F2184502AB8D965004CCF7A /* QuestTrackerModel.swift in Sources */ = {isa = PBXBuildFile; fileRef = 8F21844F2AB8D965004CCF7A /* QuestTrackerModel.swift */; };
		8F2184522AB8DCD5004CCF7A /* QuestTableView.swift in Sources */ = {isa = PBXBuildFile; fileRef = 8F2184512AB8DCD5004CCF7A /* QuestTableView.swift */; };
		8F7F0CD52ABB7FBC007EF1D0 /* QuestTrackerViewModel.swift in Sources */ = {isa = PBXBuildFile; fileRef = 8F7F0CD42ABB7FBC007EF1D0 /* QuestTrackerViewModel.swift */; };
		8F9042212AD1FC2200156102 /* NewQuestPopUpMenu.swift in Sources */ = {isa = PBXBuildFile; fileRef = 8F9042202AD1FC2200156102 /* NewQuestPopUpMenu.swift */; };
		8F92E9072ABBA58C000446C6 /* EditPopUpMenu.swift in Sources */ = {isa = PBXBuildFile; fileRef = 8F92E9062ABBA58C000446C6 /* EditPopUpMenu.swift */; };
		8FAC38512AB396B6005CBED3 /* Quest_TrackerApp.swift in Sources */ = {isa = PBXBuildFile; fileRef = 8FAC38502AB396B6005CBED3 /* Quest_TrackerApp.swift */; };
		8FAC38532AB396B6005CBED3 /* ContentView.swift in Sources */ = {isa = PBXBuildFile; fileRef = 8FAC38522AB396B6005CBED3 /* ContentView.swift */; };
		8FAC38552AB396B7005CBED3 /* Assets.xcassets in Resources */ = {isa = PBXBuildFile; fileRef = 8FAC38542AB396B7005CBED3 /* Assets.xcassets */; };
		8FAC38582AB396B7005CBED3 /* Preview Assets.xcassets in Resources */ = {isa = PBXBuildFile; fileRef = 8FAC38572AB396B7005CBED3 /* Preview Assets.xcassets */; };
		8FB761A42ACF1E3200314400 /* DataModel.xcdatamodeld in Sources */ = {isa = PBXBuildFile; fileRef = 8FB761A22ACF1E3200314400 /* DataModel.xcdatamodeld */; };
		8FB761A62ACF1E4700314400 /* DataController.swift in Sources */ = {isa = PBXBuildFile; fileRef = 8FB761A52ACF1E4700314400 /* DataController.swift */; };
/* End PBXBuildFile section */

/* Begin PBXFileReference section */
		8F21844F2AB8D965004CCF7A /* QuestTrackerModel.swift */ = {isa = PBXFileReference; lastKnownFileType = sourcecode.swift; path = QuestTrackerModel.swift; sourceTree = "<group>"; };
		8F2184512AB8DCD5004CCF7A /* QuestTableView.swift */ = {isa = PBXFileReference; lastKnownFileType = sourcecode.swift; path = QuestTableView.swift; sourceTree = "<group>"; };
		8F7F0CD42ABB7FBC007EF1D0 /* QuestTrackerViewModel.swift */ = {isa = PBXFileReference; lastKnownFileType = sourcecode.swift; path = QuestTrackerViewModel.swift; sourceTree = "<group>"; };
		8F9042202AD1FC2200156102 /* NewQuestPopUpMenu.swift */ = {isa = PBXFileReference; lastKnownFileType = sourcecode.swift; path = NewQuestPopUpMenu.swift; sourceTree = "<group>"; };
		8F92E9062ABBA58C000446C6 /* EditPopUpMenu.swift */ = {isa = PBXFileReference; lastKnownFileType = sourcecode.swift; path = EditPopUpMenu.swift; sourceTree = SOURCE_ROOT; };
		8FAC384D2AB396B6005CBED3 /* Quest Tracker.app */ = {isa = PBXFileReference; explicitFileType = wrapper.application; includeInIndex = 0; path = "Quest Tracker.app"; sourceTree = BUILT_PRODUCTS_DIR; };
		8FAC38502AB396B6005CBED3 /* Quest_TrackerApp.swift */ = {isa = PBXFileReference; lastKnownFileType = sourcecode.swift; path = Quest_TrackerApp.swift; sourceTree = "<group>"; };
		8FAC38522AB396B6005CBED3 /* ContentView.swift */ = {isa = PBXFileReference; lastKnownFileType = sourcecode.swift; path = ContentView.swift; sourceTree = "<group>"; };
		8FAC38542AB396B7005CBED3 /* Assets.xcassets */ = {isa = PBXFileReference; lastKnownFileType = folder.assetcatalog; path = Assets.xcassets; sourceTree = "<group>"; };
		8FAC38572AB396B7005CBED3 /* Preview Assets.xcassets */ = {isa = PBXFileReference; lastKnownFileType = folder.assetcatalog; path = "Preview Assets.xcassets"; sourceTree = "<group>"; };
		8FB761A32ACF1E3200314400 /* DataModel.xcdatamodel */ = {isa = PBXFileReference; lastKnownFileType = wrapper.xcdatamodel; path = DataModel.xcdatamodel; sourceTree = "<group>"; };
		8FB761A52ACF1E4700314400 /* DataController.swift */ = {isa = PBXFileReference; lastKnownFileType = sourcecode.swift; path = DataController.swift; sourceTree = "<group>"; };
/* End PBXFileReference section */

/* Begin PBXFrameworksBuildPhase section */
		8FAC384A2AB396B6005CBED3 /* Frameworks */ = {
			isa = PBXFrameworksBuildPhase;
			buildActionMask = 2147483647;
			files = (
			);
			runOnlyForDeploymentPostprocessing = 0;
		};
/* End PBXFrameworksBuildPhase section */

/* Begin PBXGroup section */
		8FAC38442AB396B6005CBED3 = {
			isa = PBXGroup;
			children = (
				8FAC384F2AB396B6005CBED3 /* Quest Tracker */,
				8FAC384E2AB396B6005CBED3 /* Products */,
			);
			sourceTree = "<group>";
		};
		8FAC384E2AB396B6005CBED3 /* Products */ = {
			isa = PBXGroup;
			children = (
				8FAC384D2AB396B6005CBED3 /* Quest Tracker.app */,
			);
			name = Products;
			sourceTree = "<group>";
		};
		8FAC384F2AB396B6005CBED3 /* Quest Tracker */ = {
			isa = PBXGroup;
			children = (
				8F92E9062ABBA58C000446C6 /* EditPopUpMenu.swift */,
				8FAC38502AB396B6005CBED3 /* Quest_TrackerApp.swift */,
				8FAC38522AB396B6005CBED3 /* ContentView.swift */,
				8FB761A22ACF1E3200314400 /* DataModel.xcdatamodeld */,
				8FB761A52ACF1E4700314400 /* DataController.swift */,
				8F21844F2AB8D965004CCF7A /* QuestTrackerModel.swift */,
				8F7F0CD42ABB7FBC007EF1D0 /* QuestTrackerViewModel.swift */,
				8F2184512AB8DCD5004CCF7A /* QuestTableView.swift */,
				8F9042202AD1FC2200156102 /* NewQuestPopUpMenu.swift */,
				8FAC38542AB396B7005CBED3 /* Assets.xcassets */,
				8FAC38562AB396B7005CBED3 /* Preview Content */,
			);
			path = "Quest Tracker";
			sourceTree = "<group>";
		};
		8FAC38562AB396B7005CBED3 /* Preview Content */ = {
			isa = PBXGroup;
			children = (
				8FAC38572AB396B7005CBED3 /* Preview Assets.xcassets */,
			);
			path = "Preview Content";
			sourceTree = "<group>";
		};
/* End PBXGroup section */

/* Begin PBXNativeTarget section */
		8FAC384C2AB396B6005CBED3 /* Quest Tracker */ = {
			isa = PBXNativeTarget;
			buildConfigurationList = 8FAC385B2AB396B7005CBED3 /* Build configuration list for PBXNativeTarget "Quest Tracker" */;
			buildPhases = (
				8FAC38492AB396B6005CBED3 /* Sources */,
				8FAC384A2AB396B6005CBED3 /* Frameworks */,
				8FAC384B2AB396B6005CBED3 /* Resources */,
			);
			buildRules = (
			);
			dependencies = (
			);
			name = "Quest Tracker";
			productName = "Quest Tracker";
			productReference = 8FAC384D2AB396B6005CBED3 /* Quest Tracker.app */;
			productType = "com.apple.product-type.application";
		};
/* End PBXNativeTarget section */

/* Begin PBXProject section */
		8FAC38452AB396B6005CBED3 /* Project object */ = {
			isa = PBXProject;
			attributes = {
				BuildIndependentTargetsInParallel = 1;
				LastSwiftUpdateCheck = 1430;
				LastUpgradeCheck = 1500;
				TargetAttributes = {
					8FAC384C2AB396B6005CBED3 = {
						CreatedOnToolsVersion = 14.3.1;
					};
				};
			};
			buildConfigurationList = 8FAC38482AB396B6005CBED3 /* Build configuration list for PBXProject "Quest Tracker" */;
			compatibilityVersion = "Xcode 14.0";
			developmentRegion = en;
			hasScannedForEncodings = 0;
			knownRegions = (
				en,
				Base,
			);
			mainGroup = 8FAC38442AB396B6005CBED3;
			productRefGroup = 8FAC384E2AB396B6005CBED3 /* Products */;
			projectDirPath = "";
			projectRoot = "";
			targets = (
				8FAC384C2AB396B6005CBED3 /* Quest Tracker */,
			);
		};
/* End PBXProject section */

/* Begin PBXResourcesBuildPhase section */
		8FAC384B2AB396B6005CBED3 /* Resources */ = {
			isa = PBXResourcesBuildPhase;
			buildActionMask = 2147483647;
			files = (
				8FAC38582AB396B7005CBED3 /* Preview Assets.xcassets in Resources */,
				8FAC38552AB396B7005CBED3 /* Assets.xcassets in Resources */,
			);
			runOnlyForDeploymentPostprocessing = 0;
		};
/* End PBXResourcesBuildPhase section */

/* Begin PBXSourcesBuildPhase section */
		8FAC38492AB396B6005CBED3 /* Sources */ = {
			isa = PBXSourcesBuildPhase;
			buildActionMask = 2147483647;
			files = (
				8F7F0CD52ABB7FBC007EF1D0 /* QuestTrackerViewModel.swift in Sources */,
				8F9042212AD1FC2200156102 /* NewQuestPopUpMenu.swift in Sources */,
				8F2184522AB8DCD5004CCF7A /* QuestTableView.swift in Sources */,
				8F2184502AB8D965004CCF7A /* QuestTrackerModel.swift in Sources */,
				8FB761A42ACF1E3200314400 /* DataModel.xcdatamodeld in Sources */,
				8FAC38532AB396B6005CBED3 /* ContentView.swift in Sources */,
				8FB761A62ACF1E4700314400 /* DataController.swift in Sources */,
				8FAC38512AB396B6005CBED3 /* Quest_TrackerApp.swift in Sources */,
				8F92E9072ABBA58C000446C6 /* EditPopUpMenu.swift in Sources */,
			);
			runOnlyForDeploymentPostprocessing = 0;
		};
/* End PBXSourcesBuildPhase section */

/* Begin XCBuildConfiguration section */
		8FAC38592AB396B7005CBED3 /* Debug */ = {
			isa = XCBuildConfiguration;
			buildSettings = {
				ALWAYS_SEARCH_USER_PATHS = NO;
				CLANG_ANALYZER_NONNULL = YES;
				CLANG_ANALYZER_NUMBER_OBJECT_CONVERSION = YES_AGGRESSIVE;
				CLANG_CXX_LANGUAGE_STANDARD = "gnu++20";
				CLANG_ENABLE_MODULES = YES;
				CLANG_ENABLE_OBJC_ARC = YES;
				CLANG_ENABLE_OBJC_WEAK = YES;
				CLANG_WARN_BLOCK_CAPTURE_AUTORELEASING = YES;
				CLANG_WARN_BOOL_CONVERSION = YES;
				CLANG_WARN_COMMA = YES;
				CLANG_WARN_CONSTANT_CONVERSION = YES;
				CLANG_WARN_DEPRECATED_OBJC_IMPLEMENTATIONS = YES;
				CLANG_WARN_DIRECT_OBJC_ISA_USAGE = YES_ERROR;
				CLANG_WARN_DOCUMENTATION_COMMENTS = YES;
				CLANG_WARN_EMPTY_BODY = YES;
				CLANG_WARN_ENUM_CONVERSION = YES;
				CLANG_WARN_INFINITE_RECURSION = YES;
				CLANG_WARN_INT_CONVERSION = YES;
				CLANG_WARN_NON_LITERAL_NULL_CONVERSION = YES;
				CLANG_WARN_OBJC_IMPLICIT_RETAIN_SELF = YES;
				CLANG_WARN_OBJC_LITERAL_CONVERSION = YES;
				CLANG_WARN_OBJC_ROOT_CLASS = YES_ERROR;
				CLANG_WARN_QUOTED_INCLUDE_IN_FRAMEWORK_HEADER = YES;
				CLANG_WARN_RANGE_LOOP_ANALYSIS = YES;
				CLANG_WARN_STRICT_PROTOTYPES = YES;
				CLANG_WARN_SUSPICIOUS_MOVE = YES;
				CLANG_WARN_UNGUARDED_AVAILABILITY = YES_AGGRESSIVE;
				CLANG_WARN_UNREACHABLE_CODE = YES;
				CLANG_WARN__DUPLICATE_METHOD_MATCH = YES;
				COPY_PHASE_STRIP = NO;
				DEBUG_INFORMATION_FORMAT = dwarf;
				ENABLE_STRICT_OBJC_MSGSEND = YES;
				ENABLE_TESTABILITY = YES;
				ENABLE_USER_SCRIPT_SANDBOXING = YES;
				GCC_C_LANGUAGE_STANDARD = gnu11;
				GCC_DYNAMIC_NO_PIC = NO;
				GCC_NO_COMMON_BLOCKS = YES;
				GCC_OPTIMIZATION_LEVEL = 0;
				GCC_PREPROCESSOR_DEFINITIONS = (
					"DEBUG=1",
					"$(inherited)",
				);
				GCC_WARN_64_TO_32_BIT_CONVERSION = YES;
				GCC_WARN_ABOUT_RETURN_TYPE = YES_ERROR;
				GCC_WARN_UNDECLARED_SELECTOR = YES;
				GCC_WARN_UNINITIALIZED_AUTOS = YES_AGGRESSIVE;
				GCC_WARN_UNUSED_FUNCTION = YES;
				GCC_WARN_UNUSED_VARIABLE = YES;
				IPHONEOS_DEPLOYMENT_TARGET = 16.4;
				MTL_ENABLE_DEBUG_INFO = INCLUDE_SOURCE;
				MTL_FAST_MATH = YES;
				ONLY_ACTIVE_ARCH = YES;
				SDKROOT = iphoneos;
				SWIFT_ACTIVE_COMPILATION_CONDITIONS = DEBUG;
				SWIFT_OPTIMIZATION_LEVEL = "-Onone";
			};
			name = Debug;
		};
		8FAC385A2AB396B7005CBED3 /* Release */ = {
			isa = XCBuildConfiguration;
			buildSettings = {
				ALWAYS_SEARCH_USER_PATHS = NO;
				CLANG_ANALYZER_NONNULL = YES;
				CLANG_ANALYZER_NUMBER_OBJECT_CONVERSION = YES_AGGRESSIVE;
				CLANG_CXX_LANGUAGE_STANDARD = "gnu++20";
				CLANG_ENABLE_MODULES = YES;
				CLANG_ENABLE_OBJC_ARC = YES;
				CLANG_ENABLE_OBJC_WEAK = YES;
				CLANG_WARN_BLOCK_CAPTURE_AUTORELEASING = YES;
				CLANG_WARN_BOOL_CONVERSION = YES;
				CLANG_WARN_COMMA = YES;
				CLANG_WARN_CONSTANT_CONVERSION = YES;
				CLANG_WARN_DEPRECATED_OBJC_IMPLEMENTATIONS = YES;
				CLANG_WARN_DIRECT_OBJC_ISA_USAGE = YES_ERROR;
				CLANG_WARN_DOCUMENTATION_COMMENTS = YES;
				CLANG_WARN_EMPTY_BODY = YES;
				CLANG_WARN_ENUM_CONVERSION = YES;
				CLANG_WARN_INFINITE_RECURSION = YES;
				CLANG_WARN_INT_CONVERSION = YES;
				CLANG_WARN_NON_LITERAL_NULL_CONVERSION = YES;
				CLANG_WARN_OBJC_IMPLICIT_RETAIN_SELF = YES;
				CLANG_WARN_OBJC_LITERAL_CONVERSION = YES;
				CLANG_WARN_OBJC_ROOT_CLASS = YES_ERROR;
				CLANG_WARN_QUOTED_INCLUDE_IN_FRAMEWORK_HEADER = YES;
				CLANG_WARN_RANGE_LOOP_ANALYSIS = YES;
				CLANG_WARN_STRICT_PROTOTYPES = YES;
				CLANG_WARN_SUSPICIOUS_MOVE = YES;
				CLANG_WARN_UNGUARDED_AVAILABILITY = YES_AGGRESSIVE;
				CLANG_WARN_UNREACHABLE_CODE = YES;
				CLANG_WARN__DUPLICATE_METHOD_MATCH = YES;
				COPY_PHASE_STRIP = NO;
				DEBUG_INFORMATION_FORMAT = "dwarf-with-dsym";
				ENABLE_NS_ASSERTIONS = NO;
				ENABLE_STRICT_OBJC_MSGSEND = YES;
				ENABLE_USER_SCRIPT_SANDBOXING = YES;
				GCC_C_LANGUAGE_STANDARD = gnu11;
				GCC_NO_COMMON_BLOCKS = YES;
				GCC_WARN_64_TO_32_BIT_CONVERSION = YES;
				GCC_WARN_ABOUT_RETURN_TYPE = YES_ERROR;
				GCC_WARN_UNDECLARED_SELECTOR = YES;
				GCC_WARN_UNINITIALIZED_AUTOS = YES_AGGRESSIVE;
				GCC_WARN_UNUSED_FUNCTION = YES;
				GCC_WARN_UNUSED_VARIABLE = YES;
				IPHONEOS_DEPLOYMENT_TARGET = 16.4;
				MTL_ENABLE_DEBUG_INFO = NO;
				MTL_FAST_MATH = YES;
				SDKROOT = iphoneos;
				SWIFT_COMPILATION_MODE = wholemodule;
				SWIFT_OPTIMIZATION_LEVEL = "-O";
				VALIDATE_PRODUCT = YES;
			};
			name = Release;
		};
		8FAC385C2AB396B7005CBED3 /* Debug */ = {
			isa = XCBuildConfiguration;
			buildSettings = {
				ASSETCATALOG_COMPILER_APPICON_NAME = AppIcon;
				ASSETCATALOG_COMPILER_GLOBAL_ACCENT_COLOR_NAME = AccentColor;
				CODE_SIGN_STYLE = Automatic;
				CURRENT_PROJECT_VERSION = 1;
				DEVELOPMENT_ASSET_PATHS = "\"Quest Tracker/Preview Content\"";
				DEVELOPMENT_TEAM = Y4739T7R6D;
				ENABLE_PREVIEWS = YES;
				GENERATE_INFOPLIST_FILE = YES;
				INFOPLIST_KEY_UIApplicationSceneManifest_Generation = YES;
				INFOPLIST_KEY_UIApplicationSupportsIndirectInputEvents = YES;
				INFOPLIST_KEY_UILaunchScreen_Generation = YES;
				INFOPLIST_KEY_UISupportedInterfaceOrientations_iPad = "UIInterfaceOrientationPortrait UIInterfaceOrientationPortraitUpsideDown UIInterfaceOrientationLandscapeLeft UIInterfaceOrientationLandscapeRight";
				INFOPLIST_KEY_UISupportedInterfaceOrientations_iPhone = "UIInterfaceOrientationPortrait UIInterfaceOrientationLandscapeLeft UIInterfaceOrientationLandscapeRight";
				LD_RUNPATH_SEARCH_PATHS = (
					"$(inherited)",
					"@executable_path/Frameworks",
				);
				MARKETING_VERSION = 1.0;
				PRODUCT_BUNDLE_IDENTIFIER = "com.gmail.mdzawodniak.Quest-Tracker";
				PRODUCT_NAME = "$(TARGET_NAME)";
				SWIFT_EMIT_LOC_STRINGS = YES;
				SWIFT_VERSION = 5.0;
				TARGETED_DEVICE_FAMILY = "1,2";
			};
			name = Debug;
		};
		8FAC385D2AB396B7005CBED3 /* Release */ = {
			isa = XCBuildConfiguration;
			buildSettings = {
				ASSETCATALOG_COMPILER_APPICON_NAME = AppIcon;
				ASSETCATALOG_COMPILER_GLOBAL_ACCENT_COLOR_NAME = AccentColor;
				CODE_SIGN_STYLE = Automatic;
				CURRENT_PROJECT_VERSION = 1;
				DEVELOPMENT_ASSET_PATHS = "\"Quest Tracker/Preview Content\"";
				DEVELOPMENT_TEAM = Y4739T7R6D;
				ENABLE_PREVIEWS = YES;
				GENERATE_INFOPLIST_FILE = YES;
				INFOPLIST_KEY_UIApplicationSceneManifest_Generation = YES;
				INFOPLIST_KEY_UIApplicationSupportsIndirectInputEvents = YES;
				INFOPLIST_KEY_UILaunchScreen_Generation = YES;
				INFOPLIST_KEY_UISupportedInterfaceOrientations_iPad = "UIInterfaceOrientationPortrait UIInterfaceOrientationPortraitUpsideDown UIInterfaceOrientationLandscapeLeft UIInterfaceOrientationLandscapeRight";
				INFOPLIST_KEY_UISupportedInterfaceOrientations_iPhone = "UIInterfaceOrientationPortrait UIInterfaceOrientationLandscapeLeft UIInterfaceOrientationLandscapeRight";
				LD_RUNPATH_SEARCH_PATHS = (
					"$(inherited)",
					"@executable_path/Frameworks",
				);
				MARKETING_VERSION = 1.0;
				PRODUCT_BUNDLE_IDENTIFIER = "com.gmail.mdzawodniak.Quest-Tracker";
				PRODUCT_NAME = "$(TARGET_NAME)";
				SWIFT_EMIT_LOC_STRINGS = YES;
				SWIFT_VERSION = 5.0;
				TARGETED_DEVICE_FAMILY = "1,2";
			};
			name = Release;
		};
/* End XCBuildConfiguration section */

/* Begin XCConfigurationList section */
		8FAC38482AB396B6005CBED3 /* Build configuration list for PBXProject "Quest Tracker" */ = {
			isa = XCConfigurationList;
			buildConfigurations = (
				8FAC38592AB396B7005CBED3 /* Debug */,
				8FAC385A2AB396B7005CBED3 /* Release */,
			);
			defaultConfigurationIsVisible = 0;
			defaultConfigurationName = Release;
		};
		8FAC385B2AB396B7005CBED3 /* Build configuration list for PBXNativeTarget "Quest Tracker" */ = {
			isa = XCConfigurationList;
			buildConfigurations = (
				8FAC385C2AB396B7005CBED3 /* Debug */,
				8FAC385D2AB396B7005CBED3 /* Release */,
			);
			defaultConfigurationIsVisible = 0;
			defaultConfigurationName = Release;
		};
/* End XCConfigurationList section */

/* Begin XCVersionGroup section */
		8FB761A22ACF1E3200314400 /* DataModel.xcdatamodeld */ = {
			isa = XCVersionGroup;
			children = (
				8FB761A32ACF1E3200314400 /* DataModel.xcdatamodel */,
			);
			currentVersion = 8FB761A32ACF1E3200314400 /* DataModel.xcdatamodel */;
			path = DataModel.xcdatamodeld;
			sourceTree = "<group>";
			versionGroupType = wrapper.xcdatamodel;
		};
/* End XCVersionGroup section */
	};
	rootObject = 8FAC38452AB396B6005CBED3 /* Project object */;
}
