{
  "pins" : [
    {
      "identity" : "sentry-cocoa",
      "kind" : "remoteSourceControl",
      "location" : "https://github.com/getsentry/sentry-cocoa/",
      "state" : {
        "revision" : "bf7bdd75e25556d0f97ad54fb804b4287863e106",
        "version" : "8.22.4"
      }
    }
  ],
  "version" : 2
}
