{
  "pins" : [
    {
      "identity" : "sentry-cocoa",
      "kind" : "remoteSourceControl",
      "location" : "https://github.com/getsentry/sentry-cocoa/",
      "state" : {
        "revision" : "08862789e1cbba7a9561bed69832a9306f339cd3",
        "version" : "8.29.1"
      }
    }
  ],
  "version" : 2
}
