{
  "pins" : [
    {
      "identity" : "bulletinboard",
      "kind" : "remoteSourceControl",
      "location" : "https://github.com/alexisakers/BulletinBoard",
      "state" : {
        "revision" : "e8ba81d25e41e5d24d6a4f404ed28443d728723b",
        "version" : "5.0.0"
      }
    }
  ],
  "version" : 2
}
